// !$*UTF8*$!
{
	archiveVersion = 1;
	classes = {
	};
	objectVersion = 48;
	objects = {

/* Begin PBXBuildFile section */
		266214D51F8EC811008DA96C /* AppDelegate.swift in Sources */ = {isa = PBXBuildFile; fileRef = 266214D41F8EC811008DA96C /* AppDelegate.swift */; };
		266214D71F8EC811008DA96C /* ViewController.swift in Sources */ = {isa = PBXBuildFile; fileRef = 266214D61F8EC811008DA96C /* ViewController.swift */; };
		266214DA1F8EC811008DA96C /* Main.storyboard in Resources */ = {isa = PBXBuildFile; fileRef = 266214D81F8EC811008DA96C /* Main.storyboard */; };
		266214DC1F8EC811008DA96C /* Assets.xcassets in Resources */ = {isa = PBXBuildFile; fileRef = 266214DB1F8EC811008DA96C /* Assets.xcassets */; };
		266214DF1F8EC811008DA96C /* LaunchScreen.storyboard in Resources */ = {isa = PBXBuildFile; fileRef = 266214DD1F8EC811008DA96C /* LaunchScreen.storyboard */; };
		266214EA1F8EC811008DA96C /* OARS_mobileTests.swift in Sources */ = {isa = PBXBuildFile; fileRef = 266214E91F8EC811008DA96C /* OARS_mobileTests.swift */; };
		266214F51F8EC811008DA96C /* OARS_mobileUITests.swift in Sources */ = {isa = PBXBuildFile; fileRef = 266214F41F8EC811008DA96C /* OARS_mobileUITests.swift */; };
		2662152D1F8FE296008DA96C /* SE.storyboard in Resources */ = {isa = PBXBuildFile; fileRef = 2662152B1F8FE296008DA96C /* SE.storyboard */; };
		2662152F1F8FE2C5008DA96C /* 8plus.storyboard in Resources */ = {isa = PBXBuildFile; fileRef = 2662152E1F8FE2C5008DA96C /* 8plus.storyboard */; };
		2663C0791F97C01C0042C214 /* HomePage.swift in Sources */ = {isa = PBXBuildFile; fileRef = 2663C0781F97C01C0042C214 /* HomePage.swift */; };
		267F56241F96A2E900726BF4 /* PictureUpload.swift in Sources */ = {isa = PBXBuildFile; fileRef = 267F56231F96A2E900726BF4 /* PictureUpload.swift */; };
		26B3AD0C1F9E4EED007AF2DF /* red.jpg in Resources */ = {isa = PBXBuildFile; fileRef = 26B3AD081F9E4EE3007AF2DF /* red.jpg */; };
		26B3AD0D1F9E4EED007AF2DF /* yellow.jpg in Resources */ = {isa = PBXBuildFile; fileRef = 26B3AD091F9E4EE6007AF2DF /* yellow.jpg */; };
		26B3AD0E1F9E4EED007AF2DF /* green.jpg in Resources */ = {isa = PBXBuildFile; fileRef = 26B3AD0A1F9E4EE9007AF2DF /* green.jpg */; };
		26B3AD0F1F9E4EED007AF2DF /* orange.jpg in Resources */ = {isa = PBXBuildFile; fileRef = 26B3AD0B1F9E4EEB007AF2DF /* orange.jpg */; };
		26CCA22E1F969721001531A6 /* JTAppleCalendar.framework in Frameworks */ = {isa = PBXBuildFile; fileRef = 26CCA22F1F969721001531A6 /* JTAppleCalendar.framework */; };
		26DCF3CF1F9A89510084B7C8 /* CustomCell.swift in Sources */ = {isa = PBXBuildFile; fileRef = 26DCF3CE1F9A89510084B7C8 /* CustomCell.swift */; };
		26DCF3D11F9A98790084B7C8 /* logo copy.png in Resources */ = {isa = PBXBuildFile; fileRef = 26DCF3D01F9A98780084B7C8 /* logo copy.png */; };
		26F6BB031F95206B00C9B604 /* HomeViewController.swift in Sources */ = {isa = PBXBuildFile; fileRef = 26F6BB021F95206B00C9B604 /* HomeViewController.swift */; };
		7422110C68AF1E3303928CC9 /* Pods_OARS_mobileUITests.framework in Frameworks */ = {isa = PBXBuildFile; fileRef = 62A9CA6F95E7231695674B8B /* Pods_OARS_mobileUITests.framework */; };
		7FF14009E28ACD154472170D /* Pods_OARS_mobile.framework in Frameworks */ = {isa = PBXBuildFile; fileRef = 6C562EA5295B6019EA707000 /* Pods_OARS_mobile.framework */; };
		9EEE8FE9E5A93E024323A3FE /* Pods_OARS_mobileTests.framework in Frameworks */ = {isa = PBXBuildFile; fileRef = 45BD5D750FB599AB8BB90BBD /* Pods_OARS_mobileTests.framework */; };
/* End PBXBuildFile section */

/* Begin PBXContainerItemProxy section */
		266214E61F8EC811008DA96C /* PBXContainerItemProxy */ = {
			isa = PBXContainerItemProxy;
			containerPortal = 266214C91F8EC811008DA96C /* Project object */;
			proxyType = 1;
			remoteGlobalIDString = 266214D01F8EC811008DA96C;
			remoteInfo = OARS_mobile;
		};
		266214F11F8EC811008DA96C /* PBXContainerItemProxy */ = {
			isa = PBXContainerItemProxy;
			containerPortal = 266214C91F8EC811008DA96C /* Project object */;
			proxyType = 1;
			remoteGlobalIDString = 266214D01F8EC811008DA96C;
			remoteInfo = OARS_mobile;
		};
/* End PBXContainerItemProxy section */

/* Begin PBXCopyFilesBuildPhase section */
		266215231F8FB558008DA96C /* Embed Frameworks */ = {
			isa = PBXCopyFilesBuildPhase;
			buildActionMask = 2147483647;
			dstPath = "";
			dstSubfolderSpec = 10;
			files = (
			);
			name = "Embed Frameworks";
			runOnlyForDeploymentPostprocessing = 0;
		};
/* End PBXCopyFilesBuildPhase section */

/* Begin PBXFileReference section */
		120664A048E4DCE5E2C9AD98 /* Pods-OARS_mobileUITests.release.xcconfig */ = {isa = PBXFileReference; includeInIndex = 1; lastKnownFileType = text.xcconfig; name = "Pods-OARS_mobileUITests.release.xcconfig"; path = "Pods/Target Support Files/Pods-OARS_mobileUITests/Pods-OARS_mobileUITests.release.xcconfig"; sourceTree = "<group>"; };
		264043DE1F9A9D7C00D66A77 /* OARS_mobile.entitlements */ = {isa = PBXFileReference; lastKnownFileType = text.plist.entitlements; path = OARS_mobile.entitlements; sourceTree = "<group>"; };
		266214D11F8EC811008DA96C /* OARS_mobile.app */ = {isa = PBXFileReference; explicitFileType = wrapper.application; includeInIndex = 0; path = OARS_mobile.app; sourceTree = BUILT_PRODUCTS_DIR; };
		266214D41F8EC811008DA96C /* AppDelegate.swift */ = {isa = PBXFileReference; lastKnownFileType = sourcecode.swift; path = AppDelegate.swift; sourceTree = "<group>"; };
		266214D61F8EC811008DA96C /* ViewController.swift */ = {isa = PBXFileReference; lastKnownFileType = sourcecode.swift; path = ViewController.swift; sourceTree = "<group>"; };
		266214D91F8EC811008DA96C /* Base */ = {isa = PBXFileReference; lastKnownFileType = file.storyboard; name = Base; path = Base.lproj/Main.storyboard; sourceTree = "<group>"; };
		266214DB1F8EC811008DA96C /* Assets.xcassets */ = {isa = PBXFileReference; lastKnownFileType = folder.assetcatalog; path = Assets.xcassets; sourceTree = "<group>"; };
		266214DE1F8EC811008DA96C /* Base */ = {isa = PBXFileReference; lastKnownFileType = file.storyboard; name = Base; path = Base.lproj/LaunchScreen.storyboard; sourceTree = "<group>"; };
		266214E01F8EC811008DA96C /* Info.plist */ = {isa = PBXFileReference; lastKnownFileType = text.plist.xml; path = Info.plist; sourceTree = "<group>"; };
		266214E51F8EC811008DA96C /* OARS_mobileTests.xctest */ = {isa = PBXFileReference; explicitFileType = wrapper.cfbundle; includeInIndex = 0; path = OARS_mobileTests.xctest; sourceTree = BUILT_PRODUCTS_DIR; };
		266214E91F8EC811008DA96C /* OARS_mobileTests.swift */ = {isa = PBXFileReference; lastKnownFileType = sourcecode.swift; path = OARS_mobileTests.swift; sourceTree = "<group>"; };
		266214EB1F8EC811008DA96C /* Info.plist */ = {isa = PBXFileReference; lastKnownFileType = text.plist.xml; path = Info.plist; sourceTree = "<group>"; };
		266214F01F8EC811008DA96C /* OARS_mobileUITests.xctest */ = {isa = PBXFileReference; explicitFileType = wrapper.cfbundle; includeInIndex = 0; path = OARS_mobileUITests.xctest; sourceTree = BUILT_PRODUCTS_DIR; };
		266214F41F8EC811008DA96C /* OARS_mobileUITests.swift */ = {isa = PBXFileReference; lastKnownFileType = sourcecode.swift; path = OARS_mobileUITests.swift; sourceTree = "<group>"; };
		266214F61F8EC811008DA96C /* Info.plist */ = {isa = PBXFileReference; lastKnownFileType = text.plist.xml; path = Info.plist; sourceTree = "<group>"; };
		2662152C1F8FE296008DA96C /* Base */ = {isa = PBXFileReference; lastKnownFileType = file.storyboard; name = Base; path = OARS_mobile/Base.lproj/SE.storyboard; sourceTree = "<group>"; };
		2662152E1F8FE2C5008DA96C /* 8plus.storyboard */ = {isa = PBXFileReference; fileEncoding = 4; lastKnownFileType = file.storyboard; path = 8plus.storyboard; sourceTree = "<group>"; };
		2663C0781F97C01C0042C214 /* HomePage.swift */ = {isa = PBXFileReference; lastKnownFileType = sourcecode.swift; path = HomePage.swift; sourceTree = "<group>"; };
		267F56231F96A2E900726BF4 /* PictureUpload.swift */ = {isa = PBXFileReference; lastKnownFileType = sourcecode.swift; path = PictureUpload.swift; sourceTree = "<group>"; };
		26B3AD081F9E4EE3007AF2DF /* red.jpg */ = {isa = PBXFileReference; lastKnownFileType = image.jpeg; name = red.jpg; path = ../../../red.jpg; sourceTree = "<group>"; };
		26B3AD091F9E4EE6007AF2DF /* yellow.jpg */ = {isa = PBXFileReference; lastKnownFileType = image.jpeg; name = yellow.jpg; path = ../../../yellow.jpg; sourceTree = "<group>"; };
		26B3AD0A1F9E4EE9007AF2DF /* green.jpg */ = {isa = PBXFileReference; lastKnownFileType = image.jpeg; name = green.jpg; path = ../../../green.jpg; sourceTree = "<group>"; };
		26B3AD0B1F9E4EEB007AF2DF /* orange.jpg */ = {isa = PBXFileReference; lastKnownFileType = image.jpeg; name = orange.jpg; path = ../../../orange.jpg; sourceTree = "<group>"; };
		26CCA22F1F969721001531A6 /* JTAppleCalendar.framework */ = {isa = PBXFileReference; explicitFileType = wrapper.framework; path = JTAppleCalendar.framework; sourceTree = BUILT_PRODUCTS_DIR; };
		26DCF3CE1F9A89510084B7C8 /* CustomCell.swift */ = {isa = PBXFileReference; lastKnownFileType = sourcecode.swift; path = CustomCell.swift; sourceTree = "<group>"; };
		26DCF3D01F9A98780084B7C8 /* logo copy.png */ = {isa = PBXFileReference; lastKnownFileType = image.png; name = "logo copy.png"; path = "../../../logo copy.png"; sourceTree = "<group>"; };
		26F6BB021F95206B00C9B604 /* HomeViewController.swift */ = {isa = PBXFileReference; lastKnownFileType = sourcecode.swift; path = HomeViewController.swift; sourceTree = "<group>"; };
		45BD5D750FB599AB8BB90BBD /* Pods_OARS_mobileTests.framework */ = {isa = PBXFileReference; explicitFileType = wrapper.framework; includeInIndex = 0; path = Pods_OARS_mobileTests.framework; sourceTree = BUILT_PRODUCTS_DIR; };
		56DAA58B2B38A28578D2C7BD /* Pods-OARS_mobile.debug.xcconfig */ = {isa = PBXFileReference; includeInIndex = 1; lastKnownFileType = text.xcconfig; name = "Pods-OARS_mobile.debug.xcconfig"; path = "Pods/Target Support Files/Pods-OARS_mobile/Pods-OARS_mobile.debug.xcconfig"; sourceTree = "<group>"; };
		62A9CA6F95E7231695674B8B /* Pods_OARS_mobileUITests.framework */ = {isa = PBXFileReference; explicitFileType = wrapper.framework; includeInIndex = 0; path = Pods_OARS_mobileUITests.framework; sourceTree = BUILT_PRODUCTS_DIR; };
		6C562EA5295B6019EA707000 /* Pods_OARS_mobile.framework */ = {isa = PBXFileReference; explicitFileType = wrapper.framework; includeInIndex = 0; path = Pods_OARS_mobile.framework; sourceTree = BUILT_PRODUCTS_DIR; };
		BCA131372A98070F07970590 /* Pods-OARS_mobileTests.debug.xcconfig */ = {isa = PBXFileReference; includeInIndex = 1; lastKnownFileType = text.xcconfig; name = "Pods-OARS_mobileTests.debug.xcconfig"; path = "Pods/Target Support Files/Pods-OARS_mobileTests/Pods-OARS_mobileTests.debug.xcconfig"; sourceTree = "<group>"; };
		D8F29D9DB4FBD0D057D4F6B3 /* Pods-OARS_mobileTests.release.xcconfig */ = {isa = PBXFileReference; includeInIndex = 1; lastKnownFileType = text.xcconfig; name = "Pods-OARS_mobileTests.release.xcconfig"; path = "Pods/Target Support Files/Pods-OARS_mobileTests/Pods-OARS_mobileTests.release.xcconfig"; sourceTree = "<group>"; };
		DB7A12F5775647714AF788EF /* Pods-OARS_mobileUITests.debug.xcconfig */ = {isa = PBXFileReference; includeInIndex = 1; lastKnownFileType = text.xcconfig; name = "Pods-OARS_mobileUITests.debug.xcconfig"; path = "Pods/Target Support Files/Pods-OARS_mobileUITests/Pods-OARS_mobileUITests.debug.xcconfig"; sourceTree = "<group>"; };
		F29B3A299863FF1B2B454322 /* Pods-OARS_mobile.release.xcconfig */ = {isa = PBXFileReference; includeInIndex = 1; lastKnownFileType = text.xcconfig; name = "Pods-OARS_mobile.release.xcconfig"; path = "Pods/Target Support Files/Pods-OARS_mobile/Pods-OARS_mobile.release.xcconfig"; sourceTree = "<group>"; };
/* End PBXFileReference section */

/* Begin PBXFrameworksBuildPhase section */
		266214CE1F8EC811008DA96C /* Frameworks */ = {
			isa = PBXFrameworksBuildPhase;
			buildActionMask = 2147483647;
			files = (
				26CCA22E1F969721001531A6 /* JTAppleCalendar.framework in Frameworks */,
				7FF14009E28ACD154472170D /* Pods_OARS_mobile.framework in Frameworks */,
			);
			runOnlyForDeploymentPostprocessing = 0;
		};
		266214E21F8EC811008DA96C /* Frameworks */ = {
			isa = PBXFrameworksBuildPhase;
			buildActionMask = 2147483647;
			files = (
				9EEE8FE9E5A93E024323A3FE /* Pods_OARS_mobileTests.framework in Frameworks */,
			);
			runOnlyForDeploymentPostprocessing = 0;
		};
		266214ED1F8EC811008DA96C /* Frameworks */ = {
			isa = PBXFrameworksBuildPhase;
			buildActionMask = 2147483647;
			files = (
				7422110C68AF1E3303928CC9 /* Pods_OARS_mobileUITests.framework in Frameworks */,
			);
			runOnlyForDeploymentPostprocessing = 0;
		};
/* End PBXFrameworksBuildPhase section */

/* Begin PBXGroup section */
		266214C81F8EC811008DA96C = {
			isa = PBXGroup;
			children = (
				266214D31F8EC811008DA96C /* OARS_mobile */,
				266214E81F8EC811008DA96C /* OARS_mobileTests */,
				266214F31F8EC811008DA96C /* OARS_mobileUITests */,
				266214D21F8EC811008DA96C /* Products */,
				A97F6952C7CE15A874712BD7 /* Pods */,
				66B886FD25CDA00B5BD05EBD /* Frameworks */,
			);
			sourceTree = "<group>";
		};
		266214D21F8EC811008DA96C /* Products */ = {
			isa = PBXGroup;
			children = (
				266214D11F8EC811008DA96C /* OARS_mobile.app */,
				266214E51F8EC811008DA96C /* OARS_mobileTests.xctest */,
				266214F01F8EC811008DA96C /* OARS_mobileUITests.xctest */,
			);
			name = Products;
			sourceTree = "<group>";
		};
		266214D31F8EC811008DA96C /* OARS_mobile */ = {
			isa = PBXGroup;
			children = (
				264043DE1F9A9D7C00D66A77 /* OARS_mobile.entitlements */,
				26DCF3D01F9A98780084B7C8 /* logo copy.png */,
				266214D41F8EC811008DA96C /* AppDelegate.swift */,
				266214D61F8EC811008DA96C /* ViewController.swift */,
				2662152B1F8FE296008DA96C /* SE.storyboard */,
				267F56231F96A2E900726BF4 /* PictureUpload.swift */,
				26F6BB021F95206B00C9B604 /* HomeViewController.swift */,
				2662152E1F8FE2C5008DA96C /* 8plus.storyboard */,
				266214D81F8EC811008DA96C /* Main.storyboard */,
				26B3AD0A1F9E4EE9007AF2DF /* green.jpg */,
				26B3AD0B1F9E4EEB007AF2DF /* orange.jpg */,
				26B3AD081F9E4EE3007AF2DF /* red.jpg */,
				26B3AD091F9E4EE6007AF2DF /* yellow.jpg */,
				266214DB1F8EC811008DA96C /* Assets.xcassets */,
				266214DD1F8EC811008DA96C /* LaunchScreen.storyboard */,
				266214E01F8EC811008DA96C /* Info.plist */,
				2663C0781F97C01C0042C214 /* HomePage.swift */,
				26DCF3CE1F9A89510084B7C8 /* CustomCell.swift */,
			);
			path = OARS_mobile;
			sourceTree = "<group>";
		};
		266214E81F8EC811008DA96C /* OARS_mobileTests */ = {
			isa = PBXGroup;
			children = (
				266214E91F8EC811008DA96C /* OARS_mobileTests.swift */,
				266214EB1F8EC811008DA96C /* Info.plist */,
			);
			path = OARS_mobileTests;
			sourceTree = "<group>";
		};
		266214F31F8EC811008DA96C /* OARS_mobileUITests */ = {
			isa = PBXGroup;
			children = (
				266214F41F8EC811008DA96C /* OARS_mobileUITests.swift */,
				266214F61F8EC811008DA96C /* Info.plist */,
			);
			path = OARS_mobileUITests;
			sourceTree = "<group>";
		};
		66B886FD25CDA00B5BD05EBD /* Frameworks */ = {
			isa = PBXGroup;
			children = (
				26CCA22F1F969721001531A6 /* JTAppleCalendar.framework */,
				6C562EA5295B6019EA707000 /* Pods_OARS_mobile.framework */,
				45BD5D750FB599AB8BB90BBD /* Pods_OARS_mobileTests.framework */,
				62A9CA6F95E7231695674B8B /* Pods_OARS_mobileUITests.framework */,
			);
			name = Frameworks;
			sourceTree = "<group>";
		};
		A97F6952C7CE15A874712BD7 /* Pods */ = {
			isa = PBXGroup;
			children = (
				56DAA58B2B38A28578D2C7BD /* Pods-OARS_mobile.debug.xcconfig */,
				F29B3A299863FF1B2B454322 /* Pods-OARS_mobile.release.xcconfig */,
				BCA131372A98070F07970590 /* Pods-OARS_mobileTests.debug.xcconfig */,
				D8F29D9DB4FBD0D057D4F6B3 /* Pods-OARS_mobileTests.release.xcconfig */,
				DB7A12F5775647714AF788EF /* Pods-OARS_mobileUITests.debug.xcconfig */,
				120664A048E4DCE5E2C9AD98 /* Pods-OARS_mobileUITests.release.xcconfig */,
			);
			name = Pods;
			sourceTree = "<group>";
		};
/* End PBXGroup section */

/* Begin PBXNativeTarget section */
		266214D01F8EC811008DA96C /* OARS_mobile */ = {
			isa = PBXNativeTarget;
			buildConfigurationList = 266214F91F8EC811008DA96C /* Build configuration list for PBXNativeTarget "OARS_mobile" */;
			buildPhases = (
				C21771843F60340AF8183810 /* [CP] Check Pods Manifest.lock */,
				266214CD1F8EC811008DA96C /* Sources */,
				266214CE1F8EC811008DA96C /* Frameworks */,
				266214CF1F8EC811008DA96C /* Resources */,
				266215231F8FB558008DA96C /* Embed Frameworks */,
				096CCEE750ED219CB2D0A8E9 /* [CP] Embed Pods Frameworks */,
				9B35C0B660D379E1F6DBD64F /* [CP] Copy Pods Resources */,
			);
			buildRules = (
			);
			dependencies = (
			);
			name = OARS_mobile;
			productName = OARS_mobile;
			productReference = 266214D11F8EC811008DA96C /* OARS_mobile.app */;
			productType = "com.apple.product-type.application";
		};
		266214E41F8EC811008DA96C /* OARS_mobileTests */ = {
			isa = PBXNativeTarget;
			buildConfigurationList = 266214FC1F8EC811008DA96C /* Build configuration list for PBXNativeTarget "OARS_mobileTests" */;
			buildPhases = (
				A1F4ECCA7B70FBD4E65AE99E /* [CP] Check Pods Manifest.lock */,
				266214E11F8EC811008DA96C /* Sources */,
				266214E21F8EC811008DA96C /* Frameworks */,
				266214E31F8EC811008DA96C /* Resources */,
				956CA2A0620CF2CB20483312 /* [CP] Embed Pods Frameworks */,
				98EA391AE560C31D45B3A3F0 /* [CP] Copy Pods Resources */,
			);
			buildRules = (
			);
			dependencies = (
				266214E71F8EC811008DA96C /* PBXTargetDependency */,
			);
			name = OARS_mobileTests;
			productName = OARS_mobileTests;
			productReference = 266214E51F8EC811008DA96C /* OARS_mobileTests.xctest */;
			productType = "com.apple.product-type.bundle.unit-test";
		};
		266214EF1F8EC811008DA96C /* OARS_mobileUITests */ = {
			isa = PBXNativeTarget;
			buildConfigurationList = 266214FF1F8EC811008DA96C /* Build configuration list for PBXNativeTarget "OARS_mobileUITests" */;
			buildPhases = (
				E070FA62624308B037FDABBB /* [CP] Check Pods Manifest.lock */,
				266214EC1F8EC811008DA96C /* Sources */,
				266214ED1F8EC811008DA96C /* Frameworks */,
				266214EE1F8EC811008DA96C /* Resources */,
				15D967A3E866F196A5B0527D /* [CP] Embed Pods Frameworks */,
				FE1E7B0B4B85D524D1DF4F9E /* [CP] Copy Pods Resources */,
			);
			buildRules = (
			);
			dependencies = (
				266214F21F8EC811008DA96C /* PBXTargetDependency */,
			);
			name = OARS_mobileUITests;
			productName = OARS_mobileUITests;
			productReference = 266214F01F8EC811008DA96C /* OARS_mobileUITests.xctest */;
			productType = "com.apple.product-type.bundle.ui-testing";
		};
/* End PBXNativeTarget section */

/* Begin PBXProject section */
		266214C91F8EC811008DA96C /* Project object */ = {
			isa = PBXProject;
			attributes = {
				LastSwiftUpdateCheck = 0900;
				LastUpgradeCheck = 0900;
				ORGANIZATIONNAME = q21;
				TargetAttributes = {
					266214D01F8EC811008DA96C = {
						CreatedOnToolsVersion = 9.0;
						ProvisioningStyle = Automatic;
						SystemCapabilities = {
							com.apple.Keychain = {
								enabled = 0;
							};
						};
					};
					266214E41F8EC811008DA96C = {
						CreatedOnToolsVersion = 9.0;
						ProvisioningStyle = Automatic;
						TestTargetID = 266214D01F8EC811008DA96C;
					};
					266214EF1F8EC811008DA96C = {
						CreatedOnToolsVersion = 9.0;
						ProvisioningStyle = Automatic;
						TestTargetID = 266214D01F8EC811008DA96C;
					};
				};
			};
			buildConfigurationList = 266214CC1F8EC811008DA96C /* Build configuration list for PBXProject "OARS_mobile" */;
			compatibilityVersion = "Xcode 8.0";
			developmentRegion = en;
			hasScannedForEncodings = 0;
			knownRegions = (
				en,
				Base,
			);
			mainGroup = 266214C81F8EC811008DA96C;
			productRefGroup = 266214D21F8EC811008DA96C /* Products */;
			projectDirPath = "";
			projectRoot = "";
			targets = (
				266214D01F8EC811008DA96C /* OARS_mobile */,
				266214E41F8EC811008DA96C /* OARS_mobileTests */,
				266214EF1F8EC811008DA96C /* OARS_mobileUITests */,
			);
		};
/* End PBXProject section */

/* Begin PBXResourcesBuildPhase section */
		266214CF1F8EC811008DA96C /* Resources */ = {
			isa = PBXResourcesBuildPhase;
			buildActionMask = 2147483647;
			files = (
				2662152D1F8FE296008DA96C /* SE.storyboard in Resources */,
				266214DF1F8EC811008DA96C /* LaunchScreen.storyboard in Resources */,
				2662152F1F8FE2C5008DA96C /* 8plus.storyboard in Resources */,
				26B3AD0F1F9E4EED007AF2DF /* orange.jpg in Resources */,
				26B3AD0E1F9E4EED007AF2DF /* green.jpg in Resources */,
				266214DC1F8EC811008DA96C /* Assets.xcassets in Resources */,
				26B3AD0C1F9E4EED007AF2DF /* red.jpg in Resources */,
				26B3AD0D1F9E4EED007AF2DF /* yellow.jpg in Resources */,
				26DCF3D11F9A98790084B7C8 /* logo copy.png in Resources */,
				266214DA1F8EC811008DA96C /* Main.storyboard in Resources */,
			);
			runOnlyForDeploymentPostprocessing = 0;
		};
		266214E31F8EC811008DA96C /* Resources */ = {
			isa = PBXResourcesBuildPhase;
			buildActionMask = 2147483647;
			files = (
			);
			runOnlyForDeploymentPostprocessing = 0;
		};
		266214EE1F8EC811008DA96C /* Resources */ = {
			isa = PBXResourcesBuildPhase;
			buildActionMask = 2147483647;
			files = (
			);
			runOnlyForDeploymentPostprocessing = 0;
		};
/* End PBXResourcesBuildPhase section */

/* Begin PBXShellScriptBuildPhase section */
		096CCEE750ED219CB2D0A8E9 /* [CP] Embed Pods Frameworks */ = {
			isa = PBXShellScriptBuildPhase;
			buildActionMask = 2147483647;
			files = (
			);
			inputPaths = (
				"${SRCROOT}/Pods/Target Support Files/Pods-OARS_mobile/Pods-OARS_mobile-frameworks.sh",
				"${BUILT_PRODUCTS_DIR}/Alamofire/Alamofire.framework",
				"${BUILT_PRODUCTS_DIR}/Charts/Charts.framework",
				"${BUILT_PRODUCTS_DIR}/JTAppleCalendar/JTAppleCalendar.framework",
				"${BUILT_PRODUCTS_DIR}/Moya/Moya.framework",
				"${BUILT_PRODUCTS_DIR}/Result/Result.framework",
				"${BUILT_PRODUCTS_DIR}/Siesta/Siesta.framework",
				"${BUILT_PRODUCTS_DIR}/SwiftyJSON/SwiftyJSON.framework",
			);
			name = "[CP] Embed Pods Frameworks";
			outputPaths = (
				"${TARGET_BUILD_DIR}/${FRAMEWORKS_FOLDER_PATH}/Alamofire.framework",
				"${TARGET_BUILD_DIR}/${FRAMEWORKS_FOLDER_PATH}/Charts.framework",
				"${TARGET_BUILD_DIR}/${FRAMEWORKS_FOLDER_PATH}/JTAppleCalendar.framework",
				"${TARGET_BUILD_DIR}/${FRAMEWORKS_FOLDER_PATH}/Moya.framework",
				"${TARGET_BUILD_DIR}/${FRAMEWORKS_FOLDER_PATH}/Result.framework",
				"${TARGET_BUILD_DIR}/${FRAMEWORKS_FOLDER_PATH}/Siesta.framework",
				"${TARGET_BUILD_DIR}/${FRAMEWORKS_FOLDER_PATH}/SwiftyJSON.framework",
			);
			runOnlyForDeploymentPostprocessing = 0;
			shellPath = /bin/sh;
			shellScript = "\"${SRCROOT}/Pods/Target Support Files/Pods-OARS_mobile/Pods-OARS_mobile-frameworks.sh\"\n";
			showEnvVarsInLog = 0;
		};
		15D967A3E866F196A5B0527D /* [CP] Embed Pods Frameworks */ = {
			isa = PBXShellScriptBuildPhase;
			buildActionMask = 2147483647;
			files = (
			);
			inputPaths = (
			);
			name = "[CP] Embed Pods Frameworks";
			outputPaths = (
			);
			runOnlyForDeploymentPostprocessing = 0;
			shellPath = /bin/sh;
			shellScript = "\"${SRCROOT}/Pods/Target Support Files/Pods-OARS_mobileUITests/Pods-OARS_mobileUITests-frameworks.sh\"\n";
			showEnvVarsInLog = 0;
		};
		956CA2A0620CF2CB20483312 /* [CP] Embed Pods Frameworks */ = {
			isa = PBXShellScriptBuildPhase;
			buildActionMask = 2147483647;
			files = (
			);
			inputPaths = (
			);
			name = "[CP] Embed Pods Frameworks";
			outputPaths = (
			);
			runOnlyForDeploymentPostprocessing = 0;
			shellPath = /bin/sh;
			shellScript = "\"${SRCROOT}/Pods/Target Support Files/Pods-OARS_mobileTests/Pods-OARS_mobileTests-frameworks.sh\"\n";
			showEnvVarsInLog = 0;
		};
		98EA391AE560C31D45B3A3F0 /* [CP] Copy Pods Resources */ = {
			isa = PBXShellScriptBuildPhase;
			buildActionMask = 2147483647;
			files = (
			);
			inputPaths = (
			);
			name = "[CP] Copy Pods Resources";
			outputPaths = (
			);
			runOnlyForDeploymentPostprocessing = 0;
			shellPath = /bin/sh;
			shellScript = "\"${SRCROOT}/Pods/Target Support Files/Pods-OARS_mobileTests/Pods-OARS_mobileTests-resources.sh\"\n";
			showEnvVarsInLog = 0;
		};
		9B35C0B660D379E1F6DBD64F /* [CP] Copy Pods Resources */ = {
			isa = PBXShellScriptBuildPhase;
			buildActionMask = 2147483647;
			files = (
			);
			inputPaths = (
			);
			name = "[CP] Copy Pods Resources";
			outputPaths = (
			);
			runOnlyForDeploymentPostprocessing = 0;
			shellPath = /bin/sh;
			shellScript = "\"${SRCROOT}/Pods/Target Support Files/Pods-OARS_mobile/Pods-OARS_mobile-resources.sh\"\n";
			showEnvVarsInLog = 0;
		};
		A1F4ECCA7B70FBD4E65AE99E /* [CP] Check Pods Manifest.lock */ = {
			isa = PBXShellScriptBuildPhase;
			buildActionMask = 2147483647;
			files = (
			);
			inputPaths = (
				"${PODS_PODFILE_DIR_PATH}/Podfile.lock",
				"${PODS_ROOT}/Manifest.lock",
			);
			name = "[CP] Check Pods Manifest.lock";
			outputPaths = (
				"$(DERIVED_FILE_DIR)/Pods-OARS_mobileTests-checkManifestLockResult.txt",
			);
			runOnlyForDeploymentPostprocessing = 0;
			shellPath = /bin/sh;
			shellScript = "diff \"${PODS_PODFILE_DIR_PATH}/Podfile.lock\" \"${PODS_ROOT}/Manifest.lock\" > /dev/null\nif [ $? != 0 ] ; then\n    # print error to STDERR\n    echo \"error: The sandbox is not in sync with the Podfile.lock. Run 'pod install' or update your CocoaPods installation.\" >&2\n    exit 1\nfi\n# This output is used by Xcode 'outputs' to avoid re-running this script phase.\necho \"SUCCESS\" > \"${SCRIPT_OUTPUT_FILE_0}\"\n";
			showEnvVarsInLog = 0;
		};
		C21771843F60340AF8183810 /* [CP] Check Pods Manifest.lock */ = {
			isa = PBXShellScriptBuildPhase;
			buildActionMask = 2147483647;
			files = (
			);
			inputPaths = (
				"${PODS_PODFILE_DIR_PATH}/Podfile.lock",
				"${PODS_ROOT}/Manifest.lock",
			);
			name = "[CP] Check Pods Manifest.lock";
			outputPaths = (
				"$(DERIVED_FILE_DIR)/Pods-OARS_mobile-checkManifestLockResult.txt",
			);
			runOnlyForDeploymentPostprocessing = 0;
			shellPath = /bin/sh;
			shellScript = "diff \"${PODS_PODFILE_DIR_PATH}/Podfile.lock\" \"${PODS_ROOT}/Manifest.lock\" > /dev/null\nif [ $? != 0 ] ; then\n    # print error to STDERR\n    echo \"error: The sandbox is not in sync with the Podfile.lock. Run 'pod install' or update your CocoaPods installation.\" >&2\n    exit 1\nfi\n# This output is used by Xcode 'outputs' to avoid re-running this script phase.\necho \"SUCCESS\" > \"${SCRIPT_OUTPUT_FILE_0}\"\n";
			showEnvVarsInLog = 0;
		};
		E070FA62624308B037FDABBB /* [CP] Check Pods Manifest.lock */ = {
			isa = PBXShellScriptBuildPhase;
			buildActionMask = 2147483647;
			files = (
			);
			inputPaths = (
				"${PODS_PODFILE_DIR_PATH}/Podfile.lock",
				"${PODS_ROOT}/Manifest.lock",
			);
			name = "[CP] Check Pods Manifest.lock";
			outputPaths = (
				"$(DERIVED_FILE_DIR)/Pods-OARS_mobileUITests-checkManifestLockResult.txt",
			);
			runOnlyForDeploymentPostprocessing = 0;
			shellPath = /bin/sh;
			shellScript = "diff \"${PODS_PODFILE_DIR_PATH}/Podfile.lock\" \"${PODS_ROOT}/Manifest.lock\" > /dev/null\nif [ $? != 0 ] ; then\n    # print error to STDERR\n    echo \"error: The sandbox is not in sync with the Podfile.lock. Run 'pod install' or update your CocoaPods installation.\" >&2\n    exit 1\nfi\n# This output is used by Xcode 'outputs' to avoid re-running this script phase.\necho \"SUCCESS\" > \"${SCRIPT_OUTPUT_FILE_0}\"\n";
			showEnvVarsInLog = 0;
		};
		FE1E7B0B4B85D524D1DF4F9E /* [CP] Copy Pods Resources */ = {
			isa = PBXShellScriptBuildPhase;
			buildActionMask = 2147483647;
			files = (
			);
			inputPaths = (
			);
			name = "[CP] Copy Pods Resources";
			outputPaths = (
			);
			runOnlyForDeploymentPostprocessing = 0;
			shellPath = /bin/sh;
			shellScript = "\"${SRCROOT}/Pods/Target Support Files/Pods-OARS_mobileUITests/Pods-OARS_mobileUITests-resources.sh\"\n";
			showEnvVarsInLog = 0;
		};
/* End PBXShellScriptBuildPhase section */

/* Begin PBXSourcesBuildPhase section */
		266214CD1F8EC811008DA96C /* Sources */ = {
			isa = PBXSourcesBuildPhase;
			buildActionMask = 2147483647;
			files = (
				267F56241F96A2E900726BF4 /* PictureUpload.swift in Sources */,
				2663C0791F97C01C0042C214 /* HomePage.swift in Sources */,
				26F6BB031F95206B00C9B604 /* HomeViewController.swift in Sources */,
				266214D71F8EC811008DA96C /* ViewController.swift in Sources */,
				26DCF3CF1F9A89510084B7C8 /* CustomCell.swift in Sources */,
				266214D51F8EC811008DA96C /* AppDelegate.swift in Sources */,
			);
			runOnlyForDeploymentPostprocessing = 0;
		};
		266214E11F8EC811008DA96C /* Sources */ = {
			isa = PBXSourcesBuildPhase;
			buildActionMask = 2147483647;
			files = (
				266214EA1F8EC811008DA96C /* OARS_mobileTests.swift in Sources */,
			);
			runOnlyForDeploymentPostprocessing = 0;
		};
		266214EC1F8EC811008DA96C /* Sources */ = {
			isa = PBXSourcesBuildPhase;
			buildActionMask = 2147483647;
			files = (
				266214F51F8EC811008DA96C /* OARS_mobileUITests.swift in Sources */,
			);
			runOnlyForDeploymentPostprocessing = 0;
		};
/* End PBXSourcesBuildPhase section */

/* Begin PBXTargetDependency section */
		266214E71F8EC811008DA96C /* PBXTargetDependency */ = {
			isa = PBXTargetDependency;
			target = 266214D01F8EC811008DA96C /* OARS_mobile */;
			targetProxy = 266214E61F8EC811008DA96C /* PBXContainerItemProxy */;
		};
		266214F21F8EC811008DA96C /* PBXTargetDependency */ = {
			isa = PBXTargetDependency;
			target = 266214D01F8EC811008DA96C /* OARS_mobile */;
			targetProxy = 266214F11F8EC811008DA96C /* PBXContainerItemProxy */;
		};
/* End PBXTargetDependency section */

/* Begin PBXVariantGroup section */
		266214D81F8EC811008DA96C /* Main.storyboard */ = {
			isa = PBXVariantGroup;
			children = (
				266214D91F8EC811008DA96C /* Base */,
			);
			name = Main.storyboard;
			sourceTree = "<group>";
		};
		266214DD1F8EC811008DA96C /* LaunchScreen.storyboard */ = {
			isa = PBXVariantGroup;
			children = (
				266214DE1F8EC811008DA96C /* Base */,
			);
			name = LaunchScreen.storyboard;
			sourceTree = "<group>";
		};
		2662152B1F8FE296008DA96C /* SE.storyboard */ = {
			isa = PBXVariantGroup;
			children = (
				2662152C1F8FE296008DA96C /* Base */,
			);
			name = SE.storyboard;
			sourceTree = "<group>";
		};
/* End PBXVariantGroup section */

/* Begin XCBuildConfiguration section */
		266214F71F8EC811008DA96C /* Debug */ = {
			isa = XCBuildConfiguration;
			buildSettings = {
				ALWAYS_SEARCH_USER_PATHS = NO;
				CLANG_ANALYZER_NONNULL = YES;
				CLANG_ANALYZER_NUMBER_OBJECT_CONVERSION = YES_AGGRESSIVE;
				CLANG_CXX_LANGUAGE_STANDARD = "gnu++14";
				CLANG_CXX_LIBRARY = "libc++";
				CLANG_ENABLE_MODULES = YES;
				CLANG_ENABLE_OBJC_ARC = YES;
				CLANG_WARN_BLOCK_CAPTURE_AUTORELEASING = YES;
				CLANG_WARN_BOOL_CONVERSION = YES;
				CLANG_WARN_COMMA = YES;
				CLANG_WARN_CONSTANT_CONVERSION = YES;
				CLANG_WARN_DIRECT_OBJC_ISA_USAGE = YES_ERROR;
				CLANG_WARN_DOCUMENTATION_COMMENTS = YES;
				CLANG_WARN_EMPTY_BODY = YES;
				CLANG_WARN_ENUM_CONVERSION = YES;
				CLANG_WARN_INFINITE_RECURSION = YES;
				CLANG_WARN_INT_CONVERSION = YES;
				CLANG_WARN_NON_LITERAL_NULL_CONVERSION = YES;
				CLANG_WARN_OBJC_LITERAL_CONVERSION = YES;
				CLANG_WARN_OBJC_ROOT_CLASS = YES_ERROR;
				CLANG_WARN_RANGE_LOOP_ANALYSIS = YES;
				CLANG_WARN_STRICT_PROTOTYPES = YES;
				CLANG_WARN_SUSPICIOUS_MOVE = YES;
				CLANG_WARN_UNGUARDED_AVAILABILITY = YES_AGGRESSIVE;
				CLANG_WARN_UNREACHABLE_CODE = YES;
				CLANG_WARN__DUPLICATE_METHOD_MATCH = YES;
				CODE_SIGN_IDENTITY = "iPhone Developer";
				COPY_PHASE_STRIP = NO;
				DEBUG_INFORMATION_FORMAT = dwarf;
				ENABLE_STRICT_OBJC_MSGSEND = YES;
				ENABLE_TESTABILITY = YES;
				GCC_C_LANGUAGE_STANDARD = gnu11;
				GCC_DYNAMIC_NO_PIC = NO;
				GCC_NO_COMMON_BLOCKS = YES;
				GCC_OPTIMIZATION_LEVEL = 0;
				GCC_PREPROCESSOR_DEFINITIONS = (
					"DEBUG=1",
					"$(inherited)",
				);
				GCC_WARN_64_TO_32_BIT_CONVERSION = YES;
				GCC_WARN_ABOUT_RETURN_TYPE = YES_ERROR;
				GCC_WARN_UNDECLARED_SELECTOR = YES;
				GCC_WARN_UNINITIALIZED_AUTOS = YES_AGGRESSIVE;
				GCC_WARN_UNUSED_FUNCTION = YES;
				GCC_WARN_UNUSED_VARIABLE = YES;
				IPHONEOS_DEPLOYMENT_TARGET = 11.0;
				MTL_ENABLE_DEBUG_INFO = YES;
				ONLY_ACTIVE_ARCH = YES;
				SDKROOT = iphoneos;
				SWIFT_ACTIVE_COMPILATION_CONDITIONS = DEBUG;
				SWIFT_OPTIMIZATION_LEVEL = "-Onone";
			};
			name = Debug;
		};
		266214F81F8EC811008DA96C /* Release */ = {
			isa = XCBuildConfiguration;
			buildSettings = {
				ALWAYS_SEARCH_USER_PATHS = NO;
				CLANG_ANALYZER_NONNULL = YES;
				CLANG_ANALYZER_NUMBER_OBJECT_CONVERSION = YES_AGGRESSIVE;
				CLANG_CXX_LANGUAGE_STANDARD = "gnu++14";
				CLANG_CXX_LIBRARY = "libc++";
				CLANG_ENABLE_MODULES = YES;
				CLANG_ENABLE_OBJC_ARC = YES;
				CLANG_WARN_BLOCK_CAPTURE_AUTORELEASING = YES;
				CLANG_WARN_BOOL_CONVERSION = YES;
				CLANG_WARN_COMMA = YES;
				CLANG_WARN_CONSTANT_CONVERSION = YES;
				CLANG_WARN_DIRECT_OBJC_ISA_USAGE = YES_ERROR;
				CLANG_WARN_DOCUMENTATION_COMMENTS = YES;
				CLANG_WARN_EMPTY_BODY = YES;
				CLANG_WARN_ENUM_CONVERSION = YES;
				CLANG_WARN_INFINITE_RECURSION = YES;
				CLANG_WARN_INT_CONVERSION = YES;
				CLANG_WARN_NON_LITERAL_NULL_CONVERSION = YES;
				CLANG_WARN_OBJC_LITERAL_CONVERSION = YES;
				CLANG_WARN_OBJC_ROOT_CLASS = YES_ERROR;
				CLANG_WARN_RANGE_LOOP_ANALYSIS = YES;
				CLANG_WARN_STRICT_PROTOTYPES = YES;
				CLANG_WARN_SUSPICIOUS_MOVE = YES;
				CLANG_WARN_UNGUARDED_AVAILABILITY = YES_AGGRESSIVE;
				CLANG_WARN_UNREACHABLE_CODE = YES;
				CLANG_WARN__DUPLICATE_METHOD_MATCH = YES;
				CODE_SIGN_IDENTITY = "iPhone Developer";
				COPY_PHASE_STRIP = NO;
				DEBUG_INFORMATION_FORMAT = "dwarf-with-dsym";
				ENABLE_NS_ASSERTIONS = NO;
				ENABLE_STRICT_OBJC_MSGSEND = YES;
				GCC_C_LANGUAGE_STANDARD = gnu11;
				GCC_NO_COMMON_BLOCKS = YES;
				GCC_WARN_64_TO_32_BIT_CONVERSION = YES;
				GCC_WARN_ABOUT_RETURN_TYPE = YES_ERROR;
				GCC_WARN_UNDECLARED_SELECTOR = YES;
				GCC_WARN_UNINITIALIZED_AUTOS = YES_AGGRESSIVE;
				GCC_WARN_UNUSED_FUNCTION = YES;
				GCC_WARN_UNUSED_VARIABLE = YES;
				IPHONEOS_DEPLOYMENT_TARGET = 11.0;
				MTL_ENABLE_DEBUG_INFO = NO;
				SDKROOT = iphoneos;
				SWIFT_OPTIMIZATION_LEVEL = "-Owholemodule";
				VALIDATE_PRODUCT = YES;
			};
			name = Release;
		};
		266214FA1F8EC811008DA96C /* Debug */ = {
			isa = XCBuildConfiguration;
			baseConfigurationReference = 56DAA58B2B38A28578D2C7BD /* Pods-OARS_mobile.debug.xcconfig */;
			buildSettings = {
				ALWAYS_EMBED_SWIFT_STANDARD_LIBRARIES = "$(inherited)";
				ASSETCATALOG_COMPILER_APPICON_NAME = AppIcon;
				CODE_SIGN_STYLE = Automatic;
				DEVELOPMENT_TEAM = 8SZZNL33DD;
				INFOPLIST_FILE = OARS_mobile/Info.plist;
				IPHONEOS_DEPLOYMENT_TARGET = 11.0;
				LD_RUNPATH_SEARCH_PATHS = "$(inherited) @executable_path/Frameworks";
				PRODUCT_BUNDLE_IDENTIFIER = "com.q2i.OARS-mobile";
				PRODUCT_NAME = "$(TARGET_NAME)";
				SWIFT_VERSION = 4.0;
				TARGETED_DEVICE_FAMILY = "1,2";
			};
			name = Debug;
		};
		266214FB1F8EC811008DA96C /* Release */ = {
			isa = XCBuildConfiguration;
			baseConfigurationReference = F29B3A299863FF1B2B454322 /* Pods-OARS_mobile.release.xcconfig */;
			buildSettings = {
				ALWAYS_EMBED_SWIFT_STANDARD_LIBRARIES = "$(inherited)";
				ASSETCATALOG_COMPILER_APPICON_NAME = AppIcon;
				CODE_SIGN_STYLE = Automatic;
				DEVELOPMENT_TEAM = 8SZZNL33DD;
				INFOPLIST_FILE = OARS_mobile/Info.plist;
				IPHONEOS_DEPLOYMENT_TARGET = 11.0;
				LD_RUNPATH_SEARCH_PATHS = "$(inherited) @executable_path/Frameworks";
				PRODUCT_BUNDLE_IDENTIFIER = "com.q2i.OARS-mobile";
				PRODUCT_NAME = "$(TARGET_NAME)";
				SWIFT_VERSION = 4.0;
				TARGETED_DEVICE_FAMILY = "1,2";
			};
			name = Release;
		};
		266214FD1F8EC811008DA96C /* Debug */ = {
			isa = XCBuildConfiguration;
			baseConfigurationReference = BCA131372A98070F07970590 /* Pods-OARS_mobileTests.debug.xcconfig */;
			buildSettings = {
				ALWAYS_EMBED_SWIFT_STANDARD_LIBRARIES = YES;
				BUNDLE_LOADER = "$(TEST_HOST)";
				CODE_SIGN_STYLE = Automatic;
				DEVELOPMENT_TEAM = 8SZZNL33DD;
				INFOPLIST_FILE = OARS_mobileTests/Info.plist;
				LD_RUNPATH_SEARCH_PATHS = "$(inherited) @executable_path/Frameworks @loader_path/Frameworks";
				PRODUCT_BUNDLE_IDENTIFIER = "com.q2i.OARS-mobileTests";
				PRODUCT_NAME = "$(TARGET_NAME)";
				SWIFT_VERSION = 4.0;
				TARGETED_DEVICE_FAMILY = "1,2";
				TEST_HOST = "$(BUILT_PRODUCTS_DIR)/OARS_mobile.app/OARS_mobile";
			};
			name = Debug;
		};
		266214FE1F8EC811008DA96C /* Release */ = {
			isa = XCBuildConfiguration;
			baseConfigurationReference = D8F29D9DB4FBD0D057D4F6B3 /* Pods-OARS_mobileTests.release.xcconfig */;
			buildSettings = {
				ALWAYS_EMBED_SWIFT_STANDARD_LIBRARIES = YES;
				BUNDLE_LOADER = "$(TEST_HOST)";
				CODE_SIGN_STYLE = Automatic;
				DEVELOPMENT_TEAM = 8SZZNL33DD;
				INFOPLIST_FILE = OARS_mobileTests/Info.plist;
				LD_RUNPATH_SEARCH_PATHS = "$(inherited) @executable_path/Frameworks @loader_path/Frameworks";
				PRODUCT_BUNDLE_IDENTIFIER = "com.q2i.OARS-mobileTests";
				PRODUCT_NAME = "$(TARGET_NAME)";
				SWIFT_VERSION = 4.0;
				TARGETED_DEVICE_FAMILY = "1,2";
				TEST_HOST = "$(BUILT_PRODUCTS_DIR)/OARS_mobile.app/OARS_mobile";
			};
			name = Release;
		};
		266215001F8EC811008DA96C /* Debug */ = {
			isa = XCBuildConfiguration;
			baseConfigurationReference = DB7A12F5775647714AF788EF /* Pods-OARS_mobileUITests.debug.xcconfig */;
			buildSettings = {
				ALWAYS_EMBED_SWIFT_STANDARD_LIBRARIES = YES;
				CODE_SIGN_STYLE = Automatic;
				DEVELOPMENT_TEAM = 8SZZNL33DD;
				INFOPLIST_FILE = OARS_mobileUITests/Info.plist;
				LD_RUNPATH_SEARCH_PATHS = "$(inherited) @executable_path/Frameworks @loader_path/Frameworks";
				PRODUCT_BUNDLE_IDENTIFIER = "com.q2i.OARS-mobileUITests";
				PRODUCT_NAME = "$(TARGET_NAME)";
				SWIFT_VERSION = 4.0;
				TARGETED_DEVICE_FAMILY = "1,2";
				TEST_TARGET_NAME = OARS_mobile;
			};
			name = Debug;
		};
		266215011F8EC811008DA96C /* Release */ = {
			isa = XCBuildConfiguration;
			baseConfigurationReference = 120664A048E4DCE5E2C9AD98 /* Pods-OARS_mobileUITests.release.xcconfig */;
			buildSettings = {
				ALWAYS_EMBED_SWIFT_STANDARD_LIBRARIES = YES;
				CODE_SIGN_STYLE = Automatic;
				DEVELOPMENT_TEAM = 8SZZNL33DD;
				INFOPLIST_FILE = OARS_mobileUITests/Info.plist;
				LD_RUNPATH_SEARCH_PATHS = "$(inherited) @executable_path/Frameworks @loader_path/Frameworks";
				PRODUCT_BUNDLE_IDENTIFIER = "com.q2i.OARS-mobileUITests";
				PRODUCT_NAME = "$(TARGET_NAME)";
				SWIFT_VERSION = 4.0;
				TARGETED_DEVICE_FAMILY = "1,2";
				TEST_TARGET_NAME = OARS_mobile;
			};
			name = Release;
		};
/* End XCBuildConfiguration section */

/* Begin XCConfigurationList section */
		266214CC1F8EC811008DA96C /* Build configuration list for PBXProject "OARS_mobile" */ = {
			isa = XCConfigurationList;
			buildConfigurations = (
				266214F71F8EC811008DA96C /* Debug */,
				266214F81F8EC811008DA96C /* Release */,
			);
			defaultConfigurationIsVisible = 0;
			defaultConfigurationName = Release;
		};
		266214F91F8EC811008DA96C /* Build configuration list for PBXNativeTarget "OARS_mobile" */ = {
			isa = XCConfigurationList;
			buildConfigurations = (
				266214FA1F8EC811008DA96C /* Debug */,
				266214FB1F8EC811008DA96C /* Release */,
			);
			defaultConfigurationIsVisible = 0;
			defaultConfigurationName = Release;
		};
		266214FC1F8EC811008DA96C /* Build configuration list for PBXNativeTarget "OARS_mobileTests" */ = {
			isa = XCConfigurationList;
			buildConfigurations = (
				266214FD1F8EC811008DA96C /* Debug */,
				266214FE1F8EC811008DA96C /* Release */,
			);
			defaultConfigurationIsVisible = 0;
			defaultConfigurationName = Release;
		};
		266214FF1F8EC811008DA96C /* Build configuration list for PBXNativeTarget "OARS_mobileUITests" */ = {
			isa = XCConfigurationList;
			buildConfigurations = (
				266215001F8EC811008DA96C /* Debug */,
				266215011F8EC811008DA96C /* Release */,
			);
			defaultConfigurationIsVisible = 0;
			defaultConfigurationName = Release;
		};
/* End XCConfigurationList section */
	};
	rootObject = 266214C91F8EC811008DA96C /* Project object */;
}
